{
  "name": "paper-ninja-ai-backend",
  "version": "1.0.0",
  "lockfileVersion": 3,
  "requires": true,
  "packages": {
    "": {
      "name": "paper-ninja-ai-backend",
      "version": "1.0.0",
      "dependencies": {
        "openai": "^4.32.0"
      }
    },
    "node_modules/openai": {
      "version": "4.32.0",
      "resolved": "https://registry.npmjs.org/openai/-/openai-4.32.0.tgz",
      "integrity": "sha512-PV5D2HJyA0UGYHnsrYh0GQ3FudH3RDEoQfTK33Qm083jXhKRPQQa7yI/PQYsAbEBY7bHDwfpStByQkgKMFA0pg==",
      "engines": {
        "node": ">=18"
      }
    }
  }
}
